
Microsoft Visual Studio Solution File, Format Version 12.00
# Visual Studio 15
VisualStudioVersion = 15.0.26124.0
MinimumVisualStudioVersion = 15.0.26124.0
Project("{FAE04EC0-301F-11D3-BF4B-00C04F79EFBC}") = "Domain", "Domain\Domain.csproj", "{22B7E42A-7BEE-4099-8980-C1F33657BAAA}"
EndProject
Project("{FAE04EC0-301F-11D3-BF4B-00C04F79EFBC}") = "API", "API\API.csproj", "{1DAE8681-D5E3-4FA5-8939-15400A5137EF}"
EndProject
Project("{FAE04EC0-301F-11D3-BF4B-00C04F79EFBC}") = "Application", "Application\Application.csproj", "{091DF115-C76A-4E24-8A89-09641F15AA18}"
EndProject
Project("{FAE04EC0-301F-11D3-BF4B-00C04F79EFBC}") = "Persistence", "Persistence\Persistence.csproj", "{A12A6A90-AB9F-4868-B7EA-EE9B2786DF75}"
EndProject
Global
	GlobalSection(SolutionConfigurationPlatforms) = preSolution
		Debug|Any CPU = Debug|Any CPU
		Debug|x64 = Debug|x64
		Debug|x86 = Debug|x86
		Release|Any CPU = Release|Any CPU
		Release|x64 = Release|x64
		Release|x86 = Release|x86
	EndGlobalSection
	GlobalSection(SolutionProperties) = preSolution
		HideSolutionNode = FALSE
	EndGlobalSection
	GlobalSection(ProjectConfigurationPlatforms) = postSolution
		{22B7E42A-7BEE-4099-8980-C1F33657BAAA}.Debug|Any CPU.ActiveCfg = Debug|Any CPU
		{22B7E42A-7BEE-4099-8980-C1F33657BAAA}.Debug|Any CPU.Build.0 = Debug|Any CPU
		{22B7E42A-7BEE-4099-8980-C1F33657BAAA}.Debug|x64.ActiveCfg = Debug|Any CPU
		{22B7E42A-7BEE-4099-8980-C1F33657BAAA}.Debug|x64.Build.0 = Debug|Any CPU
		{22B7E42A-7BEE-4099-8980-C1F33657BAAA}.Debug|x86.ActiveCfg = Debug|Any CPU
		{22B7E42A-7BEE-4099-8980-C1F33657BAAA}.Debug|x86.Build.0 = Debug|Any CPU
		{22B7E42A-7BEE-4099-8980-C1F33657BAAA}.Release|Any CPU.ActiveCfg = Release|Any CPU
		{22B7E42A-7BEE-4099-8980-C1F33657BAAA}.Release|Any CPU.Build.0 = Release|Any CPU
		{22B7E42A-7BEE-4099-8980-C1F33657BAAA}.Release|x64.ActiveCfg = Release|Any CPU
		{22B7E42A-7BEE-4099-8980-C1F33657BAAA}.Release|x64.Build.0 = Release|Any CPU
		{22B7E42A-7BEE-4099-8980-C1F33657BAAA}.Release|x86.ActiveCfg = Release|Any CPU
		{22B7E42A-7BEE-4099-8980-C1F33657BAAA}.Release|x86.Build.0 = Release|Any CPU
		{1DAE8681-D5E3-4FA5-8939-15400A5137EF}.Debug|Any CPU.ActiveCfg = Debug|Any CPU
		{1DAE8681-D5E3-4FA5-8939-15400A5137EF}.Debug|Any CPU.Build.0 = Debug|Any CPU
		{1DAE8681-D5E3-4FA5-8939-15400A5137EF}.Debug|x64.ActiveCfg = Debug|Any CPU
		{1DAE8681-D5E3-4FA5-8939-15400A5137EF}.Debug|x64.Build.0 = Debug|Any CPU
		{1DAE8681-D5E3-4FA5-8939-15400A5137EF}.Debug|x86.ActiveCfg = Debug|Any CPU
		{1DAE8681-D5E3-4FA5-8939-15400A5137EF}.Debug|x86.Build.0 = Debug|Any CPU
		{1DAE8681-D5E3-4FA5-8939-15400A5137EF}.Release|Any CPU.ActiveCfg = Release|Any CPU
		{1DAE8681-D5E3-4FA5-8939-15400A5137EF}.Release|Any CPU.Build.0 = Release|Any CPU
		{1DAE8681-D5E3-4FA5-8939-15400A5137EF}.Release|x64.ActiveCfg = Release|Any CPU
		{1DAE8681-D5E3-4FA5-8939-15400A5137EF}.Release|x64.Build.0 = Release|Any CPU
		{1DAE8681-D5E3-4FA5-8939-15400A5137EF}.Release|x86.ActiveCfg = Release|Any CPU
		{1DAE8681-D5E3-4FA5-8939-15400A5137EF}.Release|x86.Build.0 = Release|Any CPU
		{091DF115-C76A-4E24-8A89-09641F15AA18}.Debug|Any CPU.ActiveCfg = Debug|Any CPU
		{091DF115-C76A-4E24-8A89-09641F15AA18}.Debug|Any CPU.Build.0 = Debug|Any CPU
		{091DF115-C76A-4E24-8A89-09641F15AA18}.Debug|x64.ActiveCfg = Debug|Any CPU
		{091DF115-C76A-4E24-8A89-09641F15AA18}.Debug|x64.Build.0 = Debug|Any CPU
		{091DF115-C76A-4E24-8A89-09641F15AA18}.Debug|x86.ActiveCfg = Debug|Any CPU
		{091DF115-C76A-4E24-8A89-09641F15AA18}.Debug|x86.Build.0 = Debug|Any CPU
		{091DF115-C76A-4E24-8A89-09641F15AA18}.Release|Any CPU.ActiveCfg = Release|Any CPU
		{091DF115-C76A-4E24-8A89-09641F15AA18}.Release|Any CPU.Build.0 = Release|Any CPU
		{091DF115-C76A-4E24-8A89-09641F15AA18}.Release|x64.ActiveCfg = Release|Any CPU
		{091DF115-C76A-4E24-8A89-09641F15AA18}.Release|x64.Build.0 = Release|Any CPU
		{091DF115-C76A-4E24-8A89-09641F15AA18}.Release|x86.ActiveCfg = Release|Any CPU
		{091DF115-C76A-4E24-8A89-09641F15AA18}.Release|x86.Build.0 = Release|Any CPU
		{A12A6A90-AB9F-4868-B7EA-EE9B2786DF75}.Debug|Any CPU.ActiveCfg = Debug|Any CPU
		{A12A6A90-AB9F-4868-B7EA-EE9B2786DF75}.Debug|Any CPU.Build.0 = Debug|Any CPU
		{A12A6A90-AB9F-4868-B7EA-EE9B2786DF75}.Debug|x64.ActiveCfg = Debug|Any CPU
		{A12A6A90-AB9F-4868-B7EA-EE9B2786DF75}.Debug|x64.Build.0 = Debug|Any CPU
		{A12A6A90-AB9F-4868-B7EA-EE9B2786DF75}.Debug|x86.ActiveCfg = Debug|Any CPU
		{A12A6A90-AB9F-4868-B7EA-EE9B2786DF75}.Debug|x86.Build.0 = Debug|Any CPU
		{A12A6A90-AB9F-4868-B7EA-EE9B2786DF75}.Release|Any CPU.ActiveCfg = Release|Any CPU
		{A12A6A90-AB9F-4868-B7EA-EE9B2786DF75}.Release|Any CPU.Build.0 = Release|Any CPU
		{A12A6A90-AB9F-4868-B7EA-EE9B2786DF75}.Release|x64.ActiveCfg = Release|Any CPU
		{A12A6A90-AB9F-4868-B7EA-EE9B2786DF75}.Release|x64.Build.0 = Release|Any CPU
		{A12A6A90-AB9F-4868-B7EA-EE9B2786DF75}.Release|x86.ActiveCfg = Release|Any CPU
		{A12A6A90-AB9F-4868-B7EA-EE9B2786DF75}.Release|x86.Build.0 = Release|Any CPU
	EndGlobalSection
EndGlobal
